<?xml version="1.0" encoding="utf-8"?>
<Project ToolsVersion="4.0" xmlns="http://schemas.microsoft.com/developer/msbuild/2003">
  <ItemGroup>
    <Filter Include="Source Files">
      <UniqueIdentifier>{4FC737F1-C7A5-4376-A066-2A32D752A2FF}</UniqueIdentifier>
      <Extensions>cpp;c;cc;cxx;def;odl;idl;hpj;bat;asm;asmx</Extensions>
    </Filter>
    <Filter Include="Header Files">
      <UniqueIdentifier>{93995380-89BD-4b04-88EB-625FBE52EBFB}</UniqueIdentifier>
      <Extensions>h;hh;hpp;hxx;hm;inl;inc;ipp;xsd</Extensions>
    </Filter>
    <Filter Include="Resource Files">
      <UniqueIdentifier>{67DA6AB6-F800-4c08-8B7A-83BB121AAD01}</UniqueIdentifier>
      <Extensions>rc;ico;cur;bmp;dlg;rc2;rct;bin;rgs;gif;jpg;jpeg;jpe;resx;tiff;tif;png;wav;mfcribbon-ms</Extensions>
    </Filter>
  </ItemGroup>
  <ItemGroup>
    <ClInclude Include="src\mconf.h">
      <Filter>Header Files</Filter>
    </ClInclude>
  </ItemGroup>
  <ItemGroup>
    <ClCompile Include="src\bdtr.c">
      <Filter>Source Files</Filter>
    </ClCompile>
    <ClCompile Include="src\btdtr.c">
      <Filter>Source Files</Filter>
    </ClCompile>
    <ClCompile Include="src\chdtr.c">
      <Filter>Source Files</Filter>
    </ClCompile>
    <ClCompile Include="src\const.c">
      <Filter>Source Files</Filter>
    </ClCompile>
    <ClCompile Include="src\drand.c">
      <Filter>Source Files</Filter>
    </ClCompile>
    <ClCompile Include="src\expx2.c">
      <Filter>Source Files</Filter>
    </ClCompile>
    <ClCompile Include="src\fdtr.c">
      <Filter>Source Files</Filter>
    </ClCompile>
    <ClCompile Include="src\gamma.c">
      <Filter>Source Files</Filter>
    </ClCompile>
    <ClCompile Include="src\gdtr.c">
      <Filter>Source Files</Filter>
    </ClCompile>
    <ClCompile Include="src\igam.c">
      <Filter>Source Files</Filter>
    </ClCompile>
    <ClCompile Include="src\igami.c">
      <Filter>Source Files</Filter>
    </ClCompile>
    <ClCompile Include="src\incbet.c">
      <Filter>Source Files</Filter>
    </ClCompile>
    <ClCompile Include="src\incbi.c">
      <Filter>Source Files</Filter>
    </ClCompile>
    <ClCompile Include="src\kolmogorov.c">
      <Filter>Source Files</Filter>
    </ClCompile>
    <ClCompile Include="src\mtherr.c">
      <Filter>Source Files</Filter>
    </ClCompile>
    <ClCompile Include="src\nbdtr.c">
      <Filter>Source Files</Filter>
    </ClCompile>
    <ClCompile Include="src\ndtr.c">
      <Filter>Source Files</Filter>
    </ClCompile>
    <ClCompile Include="src\ndtri.c">
      <Filter>Source Files</Filter>
    </ClCompile>
    <ClCompile Include="src\pdtr.c">
      <Filter>Source Files</Filter>
    </ClCompile>
    <ClCompile Include="src\polevl.c">
      <Filter>Source Files</Filter>
    </ClCompile>
    <ClCompile Include="src\stdtr.c">
      <Filter>Source Files</Filter>
    </ClCompile>
    <ClCompile Include="src\unity.c">
      <Filter>Source Files</Filter>
    </ClCompile>
  </ItemGroup>
</Project>